
Microsoft Visual Studio Solution File, Format Version 12.00
# Visual Studio 15
VisualStudioVersion = 15.0.27703.2042
MinimumVisualStudioVersion = 10.0.40219.1
Project("{FAE04EC0-301F-11D3-BF4B-00C04F79EFBC}") = "App1.Android", "App1\App1.Android\App1.Android.csproj", "{B385C8C0-0DEA-4F5C-B532-4A51B235D1E4}"
EndProject
Project("{FAE04EC0-301F-11D3-BF4B-00C04F79EFBC}") = "App1.iOS", "App1\App1.iOS\App1.iOS.csproj", "{806E6A14-BFC4-4FD0-9F19-71439D2C070D}"
EndProject
Project("{9A19103F-16F7-4668-BE54-9A1E7A4F7556}") = "App1", "App1\App1\App1.csproj", "{414C8688-2F3D-4C71-9948-08B293E5A9B8}"
EndProject
Project("{FAE04EC0-301F-11D3-BF4B-00C04F79EFBC}") = "App.Core", "App.Core\App.Core.csproj", "{9FB1F865-E9F5-4222-B0D5-320D079B460F}"
EndProject
Global
	GlobalSection(SolutionConfigurationPlatforms) = preSolution
		Ad-Hoc|Any CPU = Ad-Hoc|Any CPU
		Ad-Hoc|iPhone = Ad-Hoc|iPhone
		Ad-Hoc|iPhoneSimulator = Ad-Hoc|iPhoneSimulator
		AppStore|Any CPU = AppStore|Any CPU
		AppStore|iPhone = AppStore|iPhone
		AppStore|iPhoneSimulator = AppStore|iPhoneSimulator
		Debug|Any CPU = Debug|Any CPU
		Debug|iPhone = Debug|iPhone
		Debug|iPhoneSimulator = Debug|iPhoneSimulator
		Release|Any CPU = Release|Any CPU
		Release|iPhone = Release|iPhone
		Release|iPhoneSimulator = Release|iPhoneSimulator
	EndGlobalSection
	GlobalSection(ProjectConfigurationPlatforms) = postSolution
		{B385C8C0-0DEA-4F5C-B532-4A51B235D1E4}.Ad-Hoc|Any CPU.ActiveCfg = Release|Any CPU
		{B385C8C0-0DEA-4F5C-B532-4A51B235D1E4}.Ad-Hoc|Any CPU.Build.0 = Release|Any CPU
		{B385C8C0-0DEA-4F5C-B532-4A51B235D1E4}.Ad-Hoc|Any CPU.Deploy.0 = Release|Any CPU
		{B385C8C0-0DEA-4F5C-B532-4A51B235D1E4}.Ad-Hoc|iPhone.ActiveCfg = Release|Any CPU
		{B385C8C0-0DEA-4F5C-B532-4A51B235D1E4}.Ad-Hoc|iPhone.Build.0 = Release|Any CPU
		{B385C8C0-0DEA-4F5C-B532-4A51B235D1E4}.Ad-Hoc|iPhone.Deploy.0 = Release|Any CPU
		{B385C8C0-0DEA-4F5C-B532-4A51B235D1E4}.Ad-Hoc|iPhoneSimulator.ActiveCfg = Release|Any CPU
		{B385C8C0-0DEA-4F5C-B532-4A51B235D1E4}.Ad-Hoc|iPhoneSimulator.Build.0 = Release|Any CPU
		{B385C8C0-0DEA-4F5C-B532-4A51B235D1E4}.Ad-Hoc|iPhoneSimulator.Deploy.0 = Release|Any CPU
		{B385C8C0-0DEA-4F5C-B532-4A51B235D1E4}.AppStore|Any CPU.ActiveCfg = Release|Any CPU
		{B385C8C0-0DEA-4F5C-B532-4A51B235D1E4}.AppStore|Any CPU.Build.0 = Release|Any CPU
		{B385C8C0-0DEA-4F5C-B532-4A51B235D1E4}.AppStore|Any CPU.Deploy.0 = Release|Any CPU
		{B385C8C0-0DEA-4F5C-B532-4A51B235D1E4}.AppStore|iPhone.ActiveCfg = Release|Any CPU
		{B385C8C0-0DEA-4F5C-B532-4A51B235D1E4}.AppStore|iPhone.Build.0 = Release|Any CPU
		{B385C8C0-0DEA-4F5C-B532-4A51B235D1E4}.AppStore|iPhone.Deploy.0 = Release|Any CPU
		{B385C8C0-0DEA-4F5C-B532-4A51B235D1E4}.AppStore|iPhoneSimulator.ActiveCfg = Release|Any CPU
		{B385C8C0-0DEA-4F5C-B532-4A51B235D1E4}.AppStore|iPhoneSimulator.Build.0 = Release|Any CPU
		{B385C8C0-0DEA-4F5C-B532-4A51B235D1E4}.AppStore|iPhoneSimulator.Deploy.0 = Release|Any CPU
		{B385C8C0-0DEA-4F5C-B532-4A51B235D1E4}.Debug|Any CPU.ActiveCfg = Debug|Any CPU
		{B385C8C0-0DEA-4F5C-B532-4A51B235D1E4}.Debug|Any CPU.Build.0 = Debug|Any CPU
		{B385C8C0-0DEA-4F5C-B532-4A51B235D1E4}.Debug|Any CPU.Deploy.0 = Debug|Any CPU
		{B385C8C0-0DEA-4F5C-B532-4A51B235D1E4}.Debug|iPhone.ActiveCfg = Debug|Any CPU
		{B385C8C0-0DEA-4F5C-B532-4A51B235D1E4}.Debug|iPhone.Build.0 = Debug|Any CPU
		{B385C8C0-0DEA-4F5C-B532-4A51B235D1E4}.Debug|iPhone.Deploy.0 = Debug|Any CPU
		{B385C8C0-0DEA-4F5C-B532-4A51B235D1E4}.Debug|iPhoneSimulator.ActiveCfg = Debug|Any CPU
		{B385C8C0-0DEA-4F5C-B532-4A51B235D1E4}.Debug|iPhoneSimulator.Build.0 = Debug|Any CPU
		{B385C8C0-0DEA-4F5C-B532-4A51B235D1E4}.Debug|iPhoneSimulator.Deploy.0 = Debug|Any CPU
		{B385C8C0-0DEA-4F5C-B532-4A51B235D1E4}.Release|Any CPU.ActiveCfg = Release|Any CPU
		{B385C8C0-0DEA-4F5C-B532-4A51B235D1E4}.Release|Any CPU.Build.0 = Release|Any CPU
		{B385C8C0-0DEA-4F5C-B532-4A51B235D1E4}.Release|Any CPU.Deploy.0 = Release|Any CPU
		{B385C8C0-0DEA-4F5C-B532-4A51B235D1E4}.Release|iPhone.ActiveCfg = Release|Any CPU
		{B385C8C0-0DEA-4F5C-B532-4A51B235D1E4}.Release|iPhone.Build.0 = Release|Any CPU
		{B385C8C0-0DEA-4F5C-B532-4A51B235D1E4}.Release|iPhone.Deploy.0 = Release|Any CPU
		{B385C8C0-0DEA-4F5C-B532-4A51B235D1E4}.Release|iPhoneSimulator.ActiveCfg = Release|Any CPU
		{B385C8C0-0DEA-4F5C-B532-4A51B235D1E4}.Release|iPhoneSimulator.Build.0 = Release|Any CPU
		{B385C8C0-0DEA-4F5C-B532-4A51B235D1E4}.Release|iPhoneSimulator.Deploy.0 = Release|Any CPU
		{806E6A14-BFC4-4FD0-9F19-71439D2C070D}.Ad-Hoc|Any CPU.ActiveCfg = Ad-Hoc|iPhone
		{806E6A14-BFC4-4FD0-9F19-71439D2C070D}.Ad-Hoc|Any CPU.Build.0 = Ad-Hoc|iPhone
		{806E6A14-BFC4-4FD0-9F19-71439D2C070D}.Ad-Hoc|Any CPU.Deploy.0 = Ad-Hoc|iPhone
		{806E6A14-BFC4-4FD0-9F19-71439D2C070D}.Ad-Hoc|iPhone.ActiveCfg = Ad-Hoc|iPhone
		{806E6A14-BFC4-4FD0-9F19-71439D2C070D}.Ad-Hoc|iPhone.Build.0 = Ad-Hoc|iPhone
		{806E6A14-BFC4-4FD0-9F19-71439D2C070D}.Ad-Hoc|iPhone.Deploy.0 = Ad-Hoc|iPhone
		{806E6A14-BFC4-4FD0-9F19-71439D2C070D}.Ad-Hoc|iPhoneSimulator.ActiveCfg = Ad-Hoc|iPhoneSimulator
		{806E6A14-BFC4-4FD0-9F19-71439D2C070D}.Ad-Hoc|iPhoneSimulator.Build.0 = Ad-Hoc|iPhoneSimulator
		{806E6A14-BFC4-4FD0-9F19-71439D2C070D}.Ad-Hoc|iPhoneSimulator.Deploy.0 = Ad-Hoc|iPhoneSimulator
		{806E6A14-BFC4-4FD0-9F19-71439D2C070D}.AppStore|Any CPU.ActiveCfg = AppStore|iPhone
		{806E6A14-BFC4-4FD0-9F19-71439D2C070D}.AppStore|Any CPU.Build.0 = AppStore|iPhone
		{806E6A14-BFC4-4FD0-9F19-71439D2C070D}.AppStore|Any CPU.Deploy.0 = AppStore|iPhone
		{806E6A14-BFC4-4FD0-9F19-71439D2C070D}.AppStore|iPhone.ActiveCfg = AppStore|iPhone
		{806E6A14-BFC4-4FD0-9F19-71439D2C070D}.AppStore|iPhone.Build.0 = AppStore|iPhone
		{806E6A14-BFC4-4FD0-9F19-71439D2C070D}.AppStore|iPhone.Deploy.0 = AppStore|iPhone
		{806E6A14-BFC4-4FD0-9F19-71439D2C070D}.AppStore|iPhoneSimulator.ActiveCfg = AppStore|iPhoneSimulator
		{806E6A14-BFC4-4FD0-9F19-71439D2C070D}.AppStore|iPhoneSimulator.Build.0 = AppStore|iPhoneSimulator
		{806E6A14-BFC4-4FD0-9F19-71439D2C070D}.AppStore|iPhoneSimulator.Deploy.0 = AppStore|iPhoneSimulator
		{806E6A14-BFC4-4FD0-9F19-71439D2C070D}.Debug|Any CPU.ActiveCfg = Debug|iPhoneSimulator
		{806E6A14-BFC4-4FD0-9F19-71439D2C070D}.Debug|Any CPU.Build.0 = Debug|iPhoneSimulator
		{806E6A14-BFC4-4FD0-9F19-71439D2C070D}.Debug|Any CPU.Deploy.0 = Debug|iPhoneSimulator
		{806E6A14-BFC4-4FD0-9F19-71439D2C070D}.Debug|iPhone.ActiveCfg = Debug|iPhone
		{806E6A14-BFC4-4FD0-9F19-71439D2C070D}.Debug|iPhone.Build.0 = Debug|iPhone
		{806E6A14-BFC4-4FD0-9F19-71439D2C070D}.Debug|iPhone.Deploy.0 = Debug|iPhone
		{806E6A14-BFC4-4FD0-9F19-71439D2C070D}.Debug|iPhoneSimulator.ActiveCfg = Debug|iPhoneSimulator
		{806E6A14-BFC4-4FD0-9F19-71439D2C070D}.Debug|iPhoneSimulator.Build.0 = Debug|iPhoneSimulator
		{806E6A14-BFC4-4FD0-9F19-71439D2C070D}.Debug|iPhoneSimulator.Deploy.0 = Debug|iPhoneSimulator
		{806E6A14-BFC4-4FD0-9F19-71439D2C070D}.Release|Any CPU.ActiveCfg = Release|iPhone
		{806E6A14-BFC4-4FD0-9F19-71439D2C070D}.Release|Any CPU.Build.0 = Release|iPhone
		{806E6A14-BFC4-4FD0-9F19-71439D2C070D}.Release|Any CPU.Deploy.0 = Release|iPhone
		{806E6A14-BFC4-4FD0-9F19-71439D2C070D}.Release|iPhone.ActiveCfg = Release|iPhone
		{806E6A14-BFC4-4FD0-9F19-71439D2C070D}.Release|iPhone.Build.0 = Release|iPhone
		{806E6A14-BFC4-4FD0-9F19-71439D2C070D}.Release|iPhone.Deploy.0 = Release|iPhone
		{806E6A14-BFC4-4FD0-9F19-71439D2C070D}.Release|iPhoneSimulator.ActiveCfg = Release|iPhoneSimulator
		{806E6A14-BFC4-4FD0-9F19-71439D2C070D}.Release|iPhoneSimulator.Build.0 = Release|iPhoneSimulator
		{806E6A14-BFC4-4FD0-9F19-71439D2C070D}.Release|iPhoneSimulator.Deploy.0 = Release|iPhoneSimulator
		{414C8688-2F3D-4C71-9948-08B293E5A9B8}.Ad-Hoc|Any CPU.ActiveCfg = Debug|Any CPU
		{414C8688-2F3D-4C71-9948-08B293E5A9B8}.Ad-Hoc|Any CPU.Build.0 = Debug|Any CPU
		{414C8688-2F3D-4C71-9948-08B293E5A9B8}.Ad-Hoc|Any CPU.Deploy.0 = Debug|Any CPU
		{414C8688-2F3D-4C71-9948-08B293E5A9B8}.Ad-Hoc|iPhone.ActiveCfg = Debug|Any CPU
		{414C8688-2F3D-4C71-9948-08B293E5A9B8}.Ad-Hoc|iPhone.Build.0 = Debug|Any CPU
		{414C8688-2F3D-4C71-9948-08B293E5A9B8}.Ad-Hoc|iPhone.Deploy.0 = Debug|Any CPU
		{414C8688-2F3D-4C71-9948-08B293E5A9B8}.Ad-Hoc|iPhoneSimulator.ActiveCfg = Debug|Any CPU
		{414C8688-2F3D-4C71-9948-08B293E5A9B8}.Ad-Hoc|iPhoneSimulator.Build.0 = Debug|Any CPU
		{414C8688-2F3D-4C71-9948-08B293E5A9B8}.Ad-Hoc|iPhoneSimulator.Deploy.0 = Debug|Any CPU
		{414C8688-2F3D-4C71-9948-08B293E5A9B8}.AppStore|Any CPU.ActiveCfg = Debug|Any CPU
		{414C8688-2F3D-4C71-9948-08B293E5A9B8}.AppStore|Any CPU.Build.0 = Debug|Any CPU
		{414C8688-2F3D-4C71-9948-08B293E5A9B8}.AppStore|Any CPU.Deploy.0 = Debug|Any CPU
		{414C8688-2F3D-4C71-9948-08B293E5A9B8}.AppStore|iPhone.ActiveCfg = Debug|Any CPU
		{414C8688-2F3D-4C71-9948-08B293E5A9B8}.AppStore|iPhone.Build.0 = Debug|Any CPU
		{414C8688-2F3D-4C71-9948-08B293E5A9B8}.AppStore|iPhone.Deploy.0 = Debug|Any CPU
		{414C8688-2F3D-4C71-9948-08B293E5A9B8}.AppStore|iPhoneSimulator.ActiveCfg = Debug|Any CPU
		{414C8688-2F3D-4C71-9948-08B293E5A9B8}.AppStore|iPhoneSimulator.Build.0 = Debug|Any CPU
		{414C8688-2F3D-4C71-9948-08B293E5A9B8}.AppStore|iPhoneSimulator.Deploy.0 = Debug|Any CPU
		{414C8688-2F3D-4C71-9948-08B293E5A9B8}.Debug|Any CPU.ActiveCfg = Debug|Any CPU
		{414C8688-2F3D-4C71-9948-08B293E5A9B8}.Debug|Any CPU.Build.0 = Debug|Any CPU
		{414C8688-2F3D-4C71-9948-08B293E5A9B8}.Debug|Any CPU.Deploy.0 = Debug|Any CPU
		{414C8688-2F3D-4C71-9948-08B293E5A9B8}.Debug|iPhone.ActiveCfg = Debug|Any CPU
		{414C8688-2F3D-4C71-9948-08B293E5A9B8}.Debug|iPhone.Build.0 = Debug|Any CPU
		{414C8688-2F3D-4C71-9948-08B293E5A9B8}.Debug|iPhone.Deploy.0 = Debug|Any CPU
		{414C8688-2F3D-4C71-9948-08B293E5A9B8}.Debug|iPhoneSimulator.ActiveCfg = Debug|Any CPU
		{414C8688-2F3D-4C71-9948-08B293E5A9B8}.Debug|iPhoneSimulator.Build.0 = Debug|Any CPU
		{414C8688-2F3D-4C71-9948-08B293E5A9B8}.Debug|iPhoneSimulator.Deploy.0 = Debug|Any CPU
		{414C8688-2F3D-4C71-9948-08B293E5A9B8}.Release|Any CPU.ActiveCfg = Release|Any CPU
		{414C8688-2F3D-4C71-9948-08B293E5A9B8}.Release|Any CPU.Build.0 = Release|Any CPU
		{414C8688-2F3D-4C71-9948-08B293E5A9B8}.Release|Any CPU.Deploy.0 = Release|Any CPU
		{414C8688-2F3D-4C71-9948-08B293E5A9B8}.Release|iPhone.ActiveCfg = Release|Any CPU
		{414C8688-2F3D-4C71-9948-08B293E5A9B8}.Release|iPhone.Build.0 = Release|Any CPU
		{414C8688-2F3D-4C71-9948-08B293E5A9B8}.Release|iPhone.Deploy.0 = Release|Any CPU
		{414C8688-2F3D-4C71-9948-08B293E5A9B8}.Release|iPhoneSimulator.ActiveCfg = Release|Any CPU
		{414C8688-2F3D-4C71-9948-08B293E5A9B8}.Release|iPhoneSimulator.Build.0 = Release|Any CPU
		{414C8688-2F3D-4C71-9948-08B293E5A9B8}.Release|iPhoneSimulator.Deploy.0 = Release|Any CPU
		{9FB1F865-E9F5-4222-B0D5-320D079B460F}.Ad-Hoc|Any CPU.ActiveCfg = Debug|Any CPU
		{9FB1F865-E9F5-4222-B0D5-320D079B460F}.Ad-Hoc|Any CPU.Build.0 = Debug|Any CPU
		{9FB1F865-E9F5-4222-B0D5-320D079B460F}.Ad-Hoc|iPhone.ActiveCfg = Debug|Any CPU
		{9FB1F865-E9F5-4222-B0D5-320D079B460F}.Ad-Hoc|iPhone.Build.0 = Debug|Any CPU
		{9FB1F865-E9F5-4222-B0D5-320D079B460F}.Ad-Hoc|iPhoneSimulator.ActiveCfg = Debug|Any CPU
		{9FB1F865-E9F5-4222-B0D5-320D079B460F}.Ad-Hoc|iPhoneSimulator.Build.0 = Debug|Any CPU
		{9FB1F865-E9F5-4222-B0D5-320D079B460F}.AppStore|Any CPU.ActiveCfg = Debug|Any CPU
		{9FB1F865-E9F5-4222-B0D5-320D079B460F}.AppStore|Any CPU.Build.0 = Debug|Any CPU
		{9FB1F865-E9F5-4222-B0D5-320D079B460F}.AppStore|iPhone.ActiveCfg = Debug|Any CPU
		{9FB1F865-E9F5-4222-B0D5-320D079B460F}.AppStore|iPhone.Build.0 = Debug|Any CPU
		{9FB1F865-E9F5-4222-B0D5-320D079B460F}.AppStore|iPhoneSimulator.ActiveCfg = Debug|Any CPU
		{9FB1F865-E9F5-4222-B0D5-320D079B460F}.AppStore|iPhoneSimulator.Build.0 = Debug|Any CPU
		{9FB1F865-E9F5-4222-B0D5-320D079B460F}.Debug|Any CPU.ActiveCfg = Debug|Any CPU
		{9FB1F865-E9F5-4222-B0D5-320D079B460F}.Debug|Any CPU.Build.0 = Debug|Any CPU
		{9FB1F865-E9F5-4222-B0D5-320D079B460F}.Debug|iPhone.ActiveCfg = Debug|Any CPU
		{9FB1F865-E9F5-4222-B0D5-320D079B460F}.Debug|iPhone.Build.0 = Debug|Any CPU
		{9FB1F865-E9F5-4222-B0D5-320D079B460F}.Debug|iPhoneSimulator.ActiveCfg = Debug|Any CPU
		{9FB1F865-E9F5-4222-B0D5-320D079B460F}.Debug|iPhoneSimulator.Build.0 = Debug|Any CPU
		{9FB1F865-E9F5-4222-B0D5-320D079B460F}.Release|Any CPU.ActiveCfg = Release|Any CPU
		{9FB1F865-E9F5-4222-B0D5-320D079B460F}.Release|Any CPU.Build.0 = Release|Any CPU
		{9FB1F865-E9F5-4222-B0D5-320D079B460F}.Release|iPhone.ActiveCfg = Release|Any CPU
		{9FB1F865-E9F5-4222-B0D5-320D079B460F}.Release|iPhone.Build.0 = Release|Any CPU
		{9FB1F865-E9F5-4222-B0D5-320D079B460F}.Release|iPhoneSimulator.ActiveCfg = Release|Any CPU
		{9FB1F865-E9F5-4222-B0D5-320D079B460F}.Release|iPhoneSimulator.Build.0 = Release|Any CPU
	EndGlobalSection
	GlobalSection(SolutionProperties) = preSolution
		HideSolutionNode = FALSE
	EndGlobalSection
	GlobalSection(ExtensibilityGlobals) = postSolution
		SolutionGuid = {84AD6E15-E717-4A23-89B7-4942A739D2FA}
	EndGlobalSection
EndGlobal
